
Microsoft Visual Studio Solution File, Format Version 12.00
# Visual Studio 15
VisualStudioVersion = 15.0.28307.168
MinimumVisualStudioVersion = 10.0.40219.1
Project("{FAE04EC0-301F-11D3-BF4B-00C04F79EFBC}") = "GestionHotelera", "GestionHotelera\GestionHotelera.csproj", "{F8367578-D236-4DEC-9E5B-4F64208BAFB8}"
EndProject
Project("{FAE04EC0-301F-11D3-BF4B-00C04F79EFBC}") = "AccesoData", "AccesoData\AccesoData.csproj", "{16CFE3C2-2B91-4291-BB65-AD1463E90985}"
EndProject
Project("{FAE04EC0-301F-11D3-BF4B-00C04F79EFBC}") = "LogicaNegocios", "LogicaNegocios\LogicaNegocios.csproj", "{FCC3C14F-1078-486D-B428-1BF70D2E7B9F}"
EndProject
Global
	GlobalSection(SolutionConfigurationPlatforms) = preSolution
		Debug|Any CPU = Debug|Any CPU
		Release|Any CPU = Release|Any CPU
	EndGlobalSection
	GlobalSection(ProjectConfigurationPlatforms) = postSolution
		{F8367578-D236-4DEC-9E5B-4F64208BAFB8}.Debug|Any CPU.ActiveCfg = Debug|Any CPU
		{F8367578-D236-4DEC-9E5B-4F64208BAFB8}.Debug|Any CPU.Build.0 = Debug|Any CPU
		{F8367578-D236-4DEC-9E5B-4F64208BAFB8}.Release|Any CPU.ActiveCfg = Release|Any CPU
		{F8367578-D236-4DEC-9E5B-4F64208BAFB8}.Release|Any CPU.Build.0 = Release|Any CPU
		{16CFE3C2-2B91-4291-BB65-AD1463E90985}.Debug|Any CPU.ActiveCfg = Debug|Any CPU
		{16CFE3C2-2B91-4291-BB65-AD1463E90985}.Debug|Any CPU.Build.0 = Debug|Any CPU
		{16CFE3C2-2B91-4291-BB65-AD1463E90985}.Release|Any CPU.ActiveCfg = Release|Any CPU
		{16CFE3C2-2B91-4291-BB65-AD1463E90985}.Release|Any CPU.Build.0 = Release|Any CPU
		{FCC3C14F-1078-486D-B428-1BF70D2E7B9F}.Debug|Any CPU.ActiveCfg = Debug|Any CPU
		{FCC3C14F-1078-486D-B428-1BF70D2E7B9F}.Debug|Any CPU.Build.0 = Debug|Any CPU
		{FCC3C14F-1078-486D-B428-1BF70D2E7B9F}.Release|Any CPU.ActiveCfg = Release|Any CPU
		{FCC3C14F-1078-486D-B428-1BF70D2E7B9F}.Release|Any CPU.Build.0 = Release|Any CPU
	EndGlobalSection
	GlobalSection(SolutionProperties) = preSolution
		HideSolutionNode = FALSE
	EndGlobalSection
	GlobalSection(ExtensibilityGlobals) = postSolution
		SolutionGuid = {D164B92B-5608-45F9-8042-4368D2FBE6AE}
	EndGlobalSection
EndGlobal
